
Microsoft Visual Studio Solution File, Format Version 12.00
# Visual Studio 15
VisualStudioVersion = 15.0.28307.852
MinimumVisualStudioVersion = 10.0.40219.1
Project("{FAE04EC0-301F-11D3-BF4B-00C04F79EFBC}") = "Zadacha_№1", "Zadacha_№1\Zadacha_№1.csproj", "{DD8719BF-D900-4E99-9FC5-DC257D72071C}"
EndProject
Global
	GlobalSection(SolutionConfigurationPlatforms) = preSolution
		Debug|Any CPU = Debug|Any CPU
		Release|Any CPU = Release|Any CPU
	EndGlobalSection
	GlobalSection(ProjectConfigurationPlatforms) = postSolution
		{DD8719BF-D900-4E99-9FC5-DC257D72071C}.Debug|Any CPU.ActiveCfg = Debug|Any CPU
		{DD8719BF-D900-4E99-9FC5-DC257D72071C}.Debug|Any CPU.Build.0 = Debug|Any CPU
		{DD8719BF-D900-4E99-9FC5-DC257D72071C}.Release|Any CPU.ActiveCfg = Release|Any CPU
		{DD8719BF-D900-4E99-9FC5-DC257D72071C}.Release|Any CPU.Build.0 = Release|Any CPU
	EndGlobalSection
	GlobalSection(SolutionProperties) = preSolution
		HideSolutionNode = FALSE
	EndGlobalSection
	GlobalSection(ExtensibilityGlobals) = postSolution
		SolutionGuid = {3E643069-25EA-432B-A2A7-9727CFAD1879}
	EndGlobalSection
EndGlobal
